
Microsoft Visual Studio Solution File, Format Version 12.00
# Visual Studio 15
VisualStudioVersion = 15.0.28307.1000
MinimumVisualStudioVersion = 10.0.40219.1
Project("{FAE04EC0-301F-11D3-BF4B-00C04F79EFBC}") = "AviaTickets.Android", "AviaTickets\AviaTickets.Android\AviaTickets.Android.csproj", "{BDB5C851-B2F9-468D-A3F4-4270CC560C3A}"
EndProject
Project("{FAE04EC0-301F-11D3-BF4B-00C04F79EFBC}") = "AviaTickets.iOS", "AviaTickets\AviaTickets.iOS\AviaTickets.iOS.csproj", "{357A5517-510C-4FCA-AD8D-75126F53DD94}"
EndProject
Project("{FAE04EC0-301F-11D3-BF4B-00C04F79EFBC}") = "AviaTickets", "AviaTickets\AviaTickets\AviaTickets.csproj", "{E8CB900F-BDAE-4156-923B-CA6AB83890F1}"
EndProject
Global
	GlobalSection(SolutionConfigurationPlatforms) = preSolution
		Ad-Hoc|Any CPU = Ad-Hoc|Any CPU
		Ad-Hoc|iPhone = Ad-Hoc|iPhone
		Ad-Hoc|iPhoneSimulator = Ad-Hoc|iPhoneSimulator
		AppStore|Any CPU = AppStore|Any CPU
		AppStore|iPhone = AppStore|iPhone
		AppStore|iPhoneSimulator = AppStore|iPhoneSimulator
		Debug|Any CPU = Debug|Any CPU
		Debug|iPhone = Debug|iPhone
		Debug|iPhoneSimulator = Debug|iPhoneSimulator
		Release|Any CPU = Release|Any CPU
		Release|iPhone = Release|iPhone
		Release|iPhoneSimulator = Release|iPhoneSimulator
	EndGlobalSection
	GlobalSection(ProjectConfigurationPlatforms) = postSolution
		{BDB5C851-B2F9-468D-A3F4-4270CC560C3A}.Ad-Hoc|Any CPU.ActiveCfg = Release|Any CPU
		{BDB5C851-B2F9-468D-A3F4-4270CC560C3A}.Ad-Hoc|Any CPU.Build.0 = Release|Any CPU
		{BDB5C851-B2F9-468D-A3F4-4270CC560C3A}.Ad-Hoc|Any CPU.Deploy.0 = Release|Any CPU
		{BDB5C851-B2F9-468D-A3F4-4270CC560C3A}.Ad-Hoc|iPhone.ActiveCfg = Release|Any CPU
		{BDB5C851-B2F9-468D-A3F4-4270CC560C3A}.Ad-Hoc|iPhone.Build.0 = Release|Any CPU
		{BDB5C851-B2F9-468D-A3F4-4270CC560C3A}.Ad-Hoc|iPhone.Deploy.0 = Release|Any CPU
		{BDB5C851-B2F9-468D-A3F4-4270CC560C3A}.Ad-Hoc|iPhoneSimulator.ActiveCfg = Release|Any CPU
		{BDB5C851-B2F9-468D-A3F4-4270CC560C3A}.Ad-Hoc|iPhoneSimulator.Build.0 = Release|Any CPU
		{BDB5C851-B2F9-468D-A3F4-4270CC560C3A}.Ad-Hoc|iPhoneSimulator.Deploy.0 = Release|Any CPU
		{BDB5C851-B2F9-468D-A3F4-4270CC560C3A}.AppStore|Any CPU.ActiveCfg = Release|Any CPU
		{BDB5C851-B2F9-468D-A3F4-4270CC560C3A}.AppStore|Any CPU.Build.0 = Release|Any CPU
		{BDB5C851-B2F9-468D-A3F4-4270CC560C3A}.AppStore|Any CPU.Deploy.0 = Release|Any CPU
		{BDB5C851-B2F9-468D-A3F4-4270CC560C3A}.AppStore|iPhone.ActiveCfg = Release|Any CPU
		{BDB5C851-B2F9-468D-A3F4-4270CC560C3A}.AppStore|iPhone.Build.0 = Release|Any CPU
		{BDB5C851-B2F9-468D-A3F4-4270CC560C3A}.AppStore|iPhone.Deploy.0 = Release|Any CPU
		{BDB5C851-B2F9-468D-A3F4-4270CC560C3A}.AppStore|iPhoneSimulator.ActiveCfg = Release|Any CPU
		{BDB5C851-B2F9-468D-A3F4-4270CC560C3A}.AppStore|iPhoneSimulator.Build.0 = Release|Any CPU
		{BDB5C851-B2F9-468D-A3F4-4270CC560C3A}.AppStore|iPhoneSimulator.Deploy.0 = Release|Any CPU
		{BDB5C851-B2F9-468D-A3F4-4270CC560C3A}.Debug|Any CPU.ActiveCfg = Debug|Any CPU
		{BDB5C851-B2F9-468D-A3F4-4270CC560C3A}.Debug|Any CPU.Build.0 = Debug|Any CPU
		{BDB5C851-B2F9-468D-A3F4-4270CC560C3A}.Debug|Any CPU.Deploy.0 = Debug|Any CPU
		{BDB5C851-B2F9-468D-A3F4-4270CC560C3A}.Debug|iPhone.ActiveCfg = Debug|Any CPU
		{BDB5C851-B2F9-468D-A3F4-4270CC560C3A}.Debug|iPhone.Build.0 = Debug|Any CPU
		{BDB5C851-B2F9-468D-A3F4-4270CC560C3A}.Debug|iPhone.Deploy.0 = Debug|Any CPU
		{BDB5C851-B2F9-468D-A3F4-4270CC560C3A}.Debug|iPhoneSimulator.ActiveCfg = Debug|Any CPU
		{BDB5C851-B2F9-468D-A3F4-4270CC560C3A}.Debug|iPhoneSimulator.Build.0 = Debug|Any CPU
		{BDB5C851-B2F9-468D-A3F4-4270CC560C3A}.Debug|iPhoneSimulator.Deploy.0 = Debug|Any CPU
		{BDB5C851-B2F9-468D-A3F4-4270CC560C3A}.Release|Any CPU.ActiveCfg = Release|Any CPU
		{BDB5C851-B2F9-468D-A3F4-4270CC560C3A}.Release|Any CPU.Build.0 = Release|Any CPU
		{BDB5C851-B2F9-468D-A3F4-4270CC560C3A}.Release|Any CPU.Deploy.0 = Release|Any CPU
		{BDB5C851-B2F9-468D-A3F4-4270CC560C3A}.Release|iPhone.ActiveCfg = Release|Any CPU
		{BDB5C851-B2F9-468D-A3F4-4270CC560C3A}.Release|iPhone.Build.0 = Release|Any CPU
		{BDB5C851-B2F9-468D-A3F4-4270CC560C3A}.Release|iPhone.Deploy.0 = Release|Any CPU
		{BDB5C851-B2F9-468D-A3F4-4270CC560C3A}.Release|iPhoneSimulator.ActiveCfg = Release|Any CPU
		{BDB5C851-B2F9-468D-A3F4-4270CC560C3A}.Release|iPhoneSimulator.Build.0 = Release|Any CPU
		{BDB5C851-B2F9-468D-A3F4-4270CC560C3A}.Release|iPhoneSimulator.Deploy.0 = Release|Any CPU
		{357A5517-510C-4FCA-AD8D-75126F53DD94}.Ad-Hoc|Any CPU.ActiveCfg = Ad-Hoc|iPhone
		{357A5517-510C-4FCA-AD8D-75126F53DD94}.Ad-Hoc|Any CPU.Build.0 = Ad-Hoc|iPhone
		{357A5517-510C-4FCA-AD8D-75126F53DD94}.Ad-Hoc|Any CPU.Deploy.0 = Ad-Hoc|iPhone
		{357A5517-510C-4FCA-AD8D-75126F53DD94}.Ad-Hoc|iPhone.ActiveCfg = Ad-Hoc|iPhone
		{357A5517-510C-4FCA-AD8D-75126F53DD94}.Ad-Hoc|iPhone.Build.0 = Ad-Hoc|iPhone
		{357A5517-510C-4FCA-AD8D-75126F53DD94}.Ad-Hoc|iPhone.Deploy.0 = Ad-Hoc|iPhone
		{357A5517-510C-4FCA-AD8D-75126F53DD94}.Ad-Hoc|iPhoneSimulator.ActiveCfg = Ad-Hoc|iPhoneSimulator
		{357A5517-510C-4FCA-AD8D-75126F53DD94}.Ad-Hoc|iPhoneSimulator.Build.0 = Ad-Hoc|iPhoneSimulator
		{357A5517-510C-4FCA-AD8D-75126F53DD94}.Ad-Hoc|iPhoneSimulator.Deploy.0 = Ad-Hoc|iPhoneSimulator
		{357A5517-510C-4FCA-AD8D-75126F53DD94}.AppStore|Any CPU.ActiveCfg = AppStore|iPhone
		{357A5517-510C-4FCA-AD8D-75126F53DD94}.AppStore|Any CPU.Build.0 = AppStore|iPhone
		{357A5517-510C-4FCA-AD8D-75126F53DD94}.AppStore|Any CPU.Deploy.0 = AppStore|iPhone
		{357A5517-510C-4FCA-AD8D-75126F53DD94}.AppStore|iPhone.ActiveCfg = AppStore|iPhone
		{357A5517-510C-4FCA-AD8D-75126F53DD94}.AppStore|iPhone.Build.0 = AppStore|iPhone
		{357A5517-510C-4FCA-AD8D-75126F53DD94}.AppStore|iPhone.Deploy.0 = AppStore|iPhone
		{357A5517-510C-4FCA-AD8D-75126F53DD94}.AppStore|iPhoneSimulator.ActiveCfg = AppStore|iPhoneSimulator
		{357A5517-510C-4FCA-AD8D-75126F53DD94}.AppStore|iPhoneSimulator.Build.0 = AppStore|iPhoneSimulator
		{357A5517-510C-4FCA-AD8D-75126F53DD94}.AppStore|iPhoneSimulator.Deploy.0 = AppStore|iPhoneSimulator
		{357A5517-510C-4FCA-AD8D-75126F53DD94}.Debug|Any CPU.ActiveCfg = Debug|iPhoneSimulator
		{357A5517-510C-4FCA-AD8D-75126F53DD94}.Debug|Any CPU.Build.0 = Debug|iPhoneSimulator
		{357A5517-510C-4FCA-AD8D-75126F53DD94}.Debug|Any CPU.Deploy.0 = Debug|iPhoneSimulator
		{357A5517-510C-4FCA-AD8D-75126F53DD94}.Debug|iPhone.ActiveCfg = Debug|iPhone
		{357A5517-510C-4FCA-AD8D-75126F53DD94}.Debug|iPhone.Build.0 = Debug|iPhone
		{357A5517-510C-4FCA-AD8D-75126F53DD94}.Debug|iPhone.Deploy.0 = Debug|iPhone
		{357A5517-510C-4FCA-AD8D-75126F53DD94}.Debug|iPhoneSimulator.ActiveCfg = Debug|iPhoneSimulator
		{357A5517-510C-4FCA-AD8D-75126F53DD94}.Debug|iPhoneSimulator.Build.0 = Debug|iPhoneSimulator
		{357A5517-510C-4FCA-AD8D-75126F53DD94}.Debug|iPhoneSimulator.Deploy.0 = Debug|iPhoneSimulator
		{357A5517-510C-4FCA-AD8D-75126F53DD94}.Release|Any CPU.ActiveCfg = Release|iPhone
		{357A5517-510C-4FCA-AD8D-75126F53DD94}.Release|Any CPU.Build.0 = Release|iPhone
		{357A5517-510C-4FCA-AD8D-75126F53DD94}.Release|Any CPU.Deploy.0 = Release|iPhone
		{357A5517-510C-4FCA-AD8D-75126F53DD94}.Release|iPhone.ActiveCfg = Release|iPhone
		{357A5517-510C-4FCA-AD8D-75126F53DD94}.Release|iPhone.Build.0 = Release|iPhone
		{357A5517-510C-4FCA-AD8D-75126F53DD94}.Release|iPhone.Deploy.0 = Release|iPhone
		{357A5517-510C-4FCA-AD8D-75126F53DD94}.Release|iPhoneSimulator.ActiveCfg = Release|iPhoneSimulator
		{357A5517-510C-4FCA-AD8D-75126F53DD94}.Release|iPhoneSimulator.Build.0 = Release|iPhoneSimulator
		{357A5517-510C-4FCA-AD8D-75126F53DD94}.Release|iPhoneSimulator.Deploy.0 = Release|iPhoneSimulator
		{E8CB900F-BDAE-4156-923B-CA6AB83890F1}.Ad-Hoc|Any CPU.ActiveCfg = Debug|Any CPU
		{E8CB900F-BDAE-4156-923B-CA6AB83890F1}.Ad-Hoc|Any CPU.Build.0 = Debug|Any CPU
		{E8CB900F-BDAE-4156-923B-CA6AB83890F1}.Ad-Hoc|Any CPU.Deploy.0 = Debug|Any CPU
		{E8CB900F-BDAE-4156-923B-CA6AB83890F1}.Ad-Hoc|iPhone.ActiveCfg = Debug|Any CPU
		{E8CB900F-BDAE-4156-923B-CA6AB83890F1}.Ad-Hoc|iPhone.Build.0 = Debug|Any CPU
		{E8CB900F-BDAE-4156-923B-CA6AB83890F1}.Ad-Hoc|iPhone.Deploy.0 = Debug|Any CPU
		{E8CB900F-BDAE-4156-923B-CA6AB83890F1}.Ad-Hoc|iPhoneSimulator.ActiveCfg = Debug|Any CPU
		{E8CB900F-BDAE-4156-923B-CA6AB83890F1}.Ad-Hoc|iPhoneSimulator.Build.0 = Debug|Any CPU
		{E8CB900F-BDAE-4156-923B-CA6AB83890F1}.Ad-Hoc|iPhoneSimulator.Deploy.0 = Debug|Any CPU
		{E8CB900F-BDAE-4156-923B-CA6AB83890F1}.AppStore|Any CPU.ActiveCfg = Debug|Any CPU
		{E8CB900F-BDAE-4156-923B-CA6AB83890F1}.AppStore|Any CPU.Build.0 = Debug|Any CPU
		{E8CB900F-BDAE-4156-923B-CA6AB83890F1}.AppStore|Any CPU.Deploy.0 = Debug|Any CPU
		{E8CB900F-BDAE-4156-923B-CA6AB83890F1}.AppStore|iPhone.ActiveCfg = Debug|Any CPU
		{E8CB900F-BDAE-4156-923B-CA6AB83890F1}.AppStore|iPhone.Build.0 = Debug|Any CPU
		{E8CB900F-BDAE-4156-923B-CA6AB83890F1}.AppStore|iPhone.Deploy.0 = Debug|Any CPU
		{E8CB900F-BDAE-4156-923B-CA6AB83890F1}.AppStore|iPhoneSimulator.ActiveCfg = Debug|Any CPU
		{E8CB900F-BDAE-4156-923B-CA6AB83890F1}.AppStore|iPhoneSimulator.Build.0 = Debug|Any CPU
		{E8CB900F-BDAE-4156-923B-CA6AB83890F1}.AppStore|iPhoneSimulator.Deploy.0 = Debug|Any CPU
		{E8CB900F-BDAE-4156-923B-CA6AB83890F1}.Debug|Any CPU.ActiveCfg = Debug|Any CPU
		{E8CB900F-BDAE-4156-923B-CA6AB83890F1}.Debug|Any CPU.Build.0 = Debug|Any CPU
		{E8CB900F-BDAE-4156-923B-CA6AB83890F1}.Debug|Any CPU.Deploy.0 = Debug|Any CPU
		{E8CB900F-BDAE-4156-923B-CA6AB83890F1}.Debug|iPhone.ActiveCfg = Debug|Any CPU
		{E8CB900F-BDAE-4156-923B-CA6AB83890F1}.Debug|iPhone.Build.0 = Debug|Any CPU
		{E8CB900F-BDAE-4156-923B-CA6AB83890F1}.Debug|iPhone.Deploy.0 = Debug|Any CPU
		{E8CB900F-BDAE-4156-923B-CA6AB83890F1}.Debug|iPhoneSimulator.ActiveCfg = Debug|Any CPU
		{E8CB900F-BDAE-4156-923B-CA6AB83890F1}.Debug|iPhoneSimulator.Build.0 = Debug|Any CPU
		{E8CB900F-BDAE-4156-923B-CA6AB83890F1}.Debug|iPhoneSimulator.Deploy.0 = Debug|Any CPU
		{E8CB900F-BDAE-4156-923B-CA6AB83890F1}.Release|Any CPU.ActiveCfg = Release|Any CPU
		{E8CB900F-BDAE-4156-923B-CA6AB83890F1}.Release|Any CPU.Build.0 = Release|Any CPU
		{E8CB900F-BDAE-4156-923B-CA6AB83890F1}.Release|Any CPU.Deploy.0 = Release|Any CPU
		{E8CB900F-BDAE-4156-923B-CA6AB83890F1}.Release|iPhone.ActiveCfg = Release|Any CPU
		{E8CB900F-BDAE-4156-923B-CA6AB83890F1}.Release|iPhone.Build.0 = Release|Any CPU
		{E8CB900F-BDAE-4156-923B-CA6AB83890F1}.Release|iPhone.Deploy.0 = Release|Any CPU
		{E8CB900F-BDAE-4156-923B-CA6AB83890F1}.Release|iPhoneSimulator.ActiveCfg = Release|Any CPU
		{E8CB900F-BDAE-4156-923B-CA6AB83890F1}.Release|iPhoneSimulator.Build.0 = Release|Any CPU
		{E8CB900F-BDAE-4156-923B-CA6AB83890F1}.Release|iPhoneSimulator.Deploy.0 = Release|Any CPU
	EndGlobalSection
	GlobalSection(SolutionProperties) = preSolution
		HideSolutionNode = FALSE
	EndGlobalSection
	GlobalSection(ExtensibilityGlobals) = postSolution
		SolutionGuid = {43174702-4A6A-45F7-BBD9-BC92B8541F4D}
	EndGlobalSection
EndGlobal
